
Microsoft Visual Studio Solution File, Format Version 12.00
# Visual Studio Version 17
VisualStudioVersion = 17.8.34316.72
MinimumVisualStudioVersion = 10.0.40219.1
Project("{FAE04EC0-301F-11D3-BF4B-00C04F79EFBC}") = "LabClases1", "LabClases1\LabClases1.csproj", "{AFE5F785-1733-4344-8BB8-C1031F4FC1EF}"
EndProject
Project("{FAE04EC0-301F-11D3-BF4B-00C04F79EFBC}") = "Clases", "Clases\Clases.csproj", "{C2445D8E-C887-4082-8265-60FD7E0A2BAC}"
EndProject
Global
	GlobalSection(SolutionConfigurationPlatforms) = preSolution
		Debug|Any CPU = Debug|Any CPU
		Release|Any CPU = Release|Any CPU
	EndGlobalSection
	GlobalSection(ProjectConfigurationPlatforms) = postSolution
		{AFE5F785-1733-4344-8BB8-C1031F4FC1EF}.Debug|Any CPU.ActiveCfg = Debug|Any CPU
		{AFE5F785-1733-4344-8BB8-C1031F4FC1EF}.Debug|Any CPU.Build.0 = Debug|Any CPU
		{AFE5F785-1733-4344-8BB8-C1031F4FC1EF}.Release|Any CPU.ActiveCfg = Release|Any CPU
		{AFE5F785-1733-4344-8BB8-C1031F4FC1EF}.Release|Any CPU.Build.0 = Release|Any CPU
		{C2445D8E-C887-4082-8265-60FD7E0A2BAC}.Debug|Any CPU.ActiveCfg = Debug|Any CPU
		{C2445D8E-C887-4082-8265-60FD7E0A2BAC}.Debug|Any CPU.Build.0 = Debug|Any CPU
		{C2445D8E-C887-4082-8265-60FD7E0A2BAC}.Release|Any CPU.ActiveCfg = Release|Any CPU
		{C2445D8E-C887-4082-8265-60FD7E0A2BAC}.Release|Any CPU.Build.0 = Release|Any CPU
	EndGlobalSection
	GlobalSection(SolutionProperties) = preSolution
		HideSolutionNode = FALSE
	EndGlobalSection
	GlobalSection(ExtensibilityGlobals) = postSolution
		SolutionGuid = {96A38001-BEA1-453F-AAFF-3F078E09F5F6}
	EndGlobalSection
EndGlobal
