
Microsoft Visual Studio Solution File, Format Version 12.00
# Visual Studio Version 17
VisualStudioVersion = 17.9.34714.143
MinimumVisualStudioVersion = 10.0.40219.1
Project("{9A19103F-16F7-4668-BE54-9A1E7A4F7556}") = "TPI_DAO", "TPI_DAO\TPI_DAO.csproj", "{768C05D7-BD1E-404C-AE04-991E64E10A82}"
EndProject
Project("{9A19103F-16F7-4668-BE54-9A1E7A4F7556}") = "TPI_Controller", "TPI_Controller\TPI_Controller.csproj", "{304BA763-DD23-4C40-9E49-F0865BD86315}"
EndProject
Project("{9A19103F-16F7-4668-BE54-9A1E7A4F7556}") = "TPI_GUI", "TPI_GUI\TPI_GUI.csproj", "{B8FF72D0-2AFC-4769-92D0-3797E794265E}"
EndProject
Global
	GlobalSection(SolutionConfigurationPlatforms) = preSolution
		Debug|Any CPU = Debug|Any CPU
		Release|Any CPU = Release|Any CPU
	EndGlobalSection
	GlobalSection(ProjectConfigurationPlatforms) = postSolution
		{768C05D7-BD1E-404C-AE04-991E64E10A82}.Debug|Any CPU.ActiveCfg = Debug|Any CPU
		{768C05D7-BD1E-404C-AE04-991E64E10A82}.Debug|Any CPU.Build.0 = Debug|Any CPU
		{768C05D7-BD1E-404C-AE04-991E64E10A82}.Release|Any CPU.ActiveCfg = Release|Any CPU
		{768C05D7-BD1E-404C-AE04-991E64E10A82}.Release|Any CPU.Build.0 = Release|Any CPU
		{304BA763-DD23-4C40-9E49-F0865BD86315}.Debug|Any CPU.ActiveCfg = Debug|Any CPU
		{304BA763-DD23-4C40-9E49-F0865BD86315}.Debug|Any CPU.Build.0 = Debug|Any CPU
		{304BA763-DD23-4C40-9E49-F0865BD86315}.Release|Any CPU.ActiveCfg = Release|Any CPU
		{304BA763-DD23-4C40-9E49-F0865BD86315}.Release|Any CPU.Build.0 = Release|Any CPU
		{B8FF72D0-2AFC-4769-92D0-3797E794265E}.Debug|Any CPU.ActiveCfg = Debug|Any CPU
		{B8FF72D0-2AFC-4769-92D0-3797E794265E}.Debug|Any CPU.Build.0 = Debug|Any CPU
		{B8FF72D0-2AFC-4769-92D0-3797E794265E}.Release|Any CPU.ActiveCfg = Release|Any CPU
		{B8FF72D0-2AFC-4769-92D0-3797E794265E}.Release|Any CPU.Build.0 = Release|Any CPU
	EndGlobalSection
	GlobalSection(SolutionProperties) = preSolution
		HideSolutionNode = FALSE
	EndGlobalSection
	GlobalSection(ExtensibilityGlobals) = postSolution
		SolutionGuid = {38D24F57-5E9D-48A0-AD7F-884A2F398A28}
	EndGlobalSection
EndGlobal
