
Microsoft Visual Studio Solution File, Format Version 12.00
# Visual Studio Version 17
VisualStudioVersion = 17.8.34316.72
MinimumVisualStudioVersion = 10.0.40219.1
Project("{9A19103F-16F7-4668-BE54-9A1E7A4F7556}") = "LabClases1", "LabClases1\LabClases1.csproj", "{1799958B-A505-4A95-BC11-9B941B1F298F}"
EndProject
Project("{9A19103F-16F7-4668-BE54-9A1E7A4F7556}") = "Clases", "Clases\Clases.csproj", "{931940BE-3227-4C38-984C-0C05D81CF3A0}"
EndProject
Project("{FAE04EC0-301F-11D3-BF4B-00C04F79EFBC}") = "LabClases2", "LabClases2\LabClases2.csproj", "{9D25E4B9-0C9B-4BE0-82CD-A11D792D0305}"
EndProject
Global
	GlobalSection(SolutionConfigurationPlatforms) = preSolution
		Debug|Any CPU = Debug|Any CPU
		Release|Any CPU = Release|Any CPU
	EndGlobalSection
	GlobalSection(ProjectConfigurationPlatforms) = postSolution
		{1799958B-A505-4A95-BC11-9B941B1F298F}.Debug|Any CPU.ActiveCfg = Debug|Any CPU
		{1799958B-A505-4A95-BC11-9B941B1F298F}.Debug|Any CPU.Build.0 = Debug|Any CPU
		{1799958B-A505-4A95-BC11-9B941B1F298F}.Release|Any CPU.ActiveCfg = Release|Any CPU
		{1799958B-A505-4A95-BC11-9B941B1F298F}.Release|Any CPU.Build.0 = Release|Any CPU
		{931940BE-3227-4C38-984C-0C05D81CF3A0}.Debug|Any CPU.ActiveCfg = Debug|Any CPU
		{931940BE-3227-4C38-984C-0C05D81CF3A0}.Debug|Any CPU.Build.0 = Debug|Any CPU
		{931940BE-3227-4C38-984C-0C05D81CF3A0}.Release|Any CPU.ActiveCfg = Release|Any CPU
		{931940BE-3227-4C38-984C-0C05D81CF3A0}.Release|Any CPU.Build.0 = Release|Any CPU
		{9D25E4B9-0C9B-4BE0-82CD-A11D792D0305}.Debug|Any CPU.ActiveCfg = Debug|Any CPU
		{9D25E4B9-0C9B-4BE0-82CD-A11D792D0305}.Debug|Any CPU.Build.0 = Debug|Any CPU
		{9D25E4B9-0C9B-4BE0-82CD-A11D792D0305}.Release|Any CPU.ActiveCfg = Release|Any CPU
		{9D25E4B9-0C9B-4BE0-82CD-A11D792D0305}.Release|Any CPU.Build.0 = Release|Any CPU
	EndGlobalSection
	GlobalSection(SolutionProperties) = preSolution
		HideSolutionNode = FALSE
	EndGlobalSection
	GlobalSection(ExtensibilityGlobals) = postSolution
		SolutionGuid = {9D08375E-E80D-46E5-BD14-F9D2AC432044}
	EndGlobalSection
EndGlobal
